
Microsoft Visual Studio Solution File, Format Version 12.00
# Visual Studio Version 17
VisualStudioVersion = 17.0.31903.59
MinimumVisualStudioVersion = 10.0.40219.1
Project("{2150E333-8FDC-42A3-9474-1A3956D46DE8}") = "BookingService", "BookingService", "{348C223C-9C86-4291-B3E8-AB54F3D23059}"
EndProject
Project("{2150E333-8FDC-42A3-9474-1A3956D46DE8}") = "PaymentService", "PaymentService", "{779E61A4-B4A0-47F8-8A70-9FA57B3E63DF}"
EndProject
Project("{2150E333-8FDC-42A3-9474-1A3956D46DE8}") = "Core", "Core", "{A4A0B6A7-D568-4770-A3E2-7A67DF3542AC}"
EndProject
Project("{2150E333-8FDC-42A3-9474-1A3956D46DE8}") = "Adapters", "Adapters", "{8BB7E168-6F1D-4CE8-B147-6F440FF052C0}"
EndProject
Project("{2150E333-8FDC-42A3-9474-1A3956D46DE8}") = "Consumers", "Consumers", "{A3AE963C-253D-44E0-B2A8-5C734E47A38E}"
EndProject
Project("{2150E333-8FDC-42A3-9474-1A3956D46DE8}") = "Tests", "Tests", "{9D898344-63AE-4C15-9786-0D0F1C81BA3C}"
EndProject
Project("{2150E333-8FDC-42A3-9474-1A3956D46DE8}") = "Adapters", "Adapters", "{90AFE922-B859-4541-B63C-23C6721BAF3D}"
EndProject
Project("{FAE04EC0-301F-11D3-BF4B-00C04F79EFBC}") = "Adapters", "BookingService\Tests\Adapters\Adapters\Adapters.csproj", "{804783EF-F3DB-43FE-BDE0-39147C673786}"
EndProject
Project("{FAE04EC0-301F-11D3-BF4B-00C04F79EFBC}") = "API", "BookingService\Consumers\API\API.csproj", "{0BE56E57-FDDF-4D12-A481-CB34F69159B0}"
EndProject
Project("{FAE04EC0-301F-11D3-BF4B-00C04F79EFBC}") = "Data", "BookingService\Adapters\Data\Data.csproj", "{F1AA0241-7015-4DF6-B2F8-F1568C863F29}"
EndProject
Project("{2150E333-8FDC-42A3-9474-1A3956D46DE8}") = "Application", "Application", "{F032D934-98D7-4A34-9C68-AF702B1F3EDD}"
EndProject
Project("{2150E333-8FDC-42A3-9474-1A3956D46DE8}") = "Domain", "Domain", "{5A3F21BC-C32B-48F1-975D-9C9E8F581FEB}"
EndProject
Project("{FAE04EC0-301F-11D3-BF4B-00C04F79EFBC}") = "Domain", "BookingService\Core\Domain\Domain.csproj", "{D9D3B6E3-8799-47A2-B04B-CA630450E399}"
EndProject
Project("{FAE04EC0-301F-11D3-BF4B-00C04F79EFBC}") = "Application", "BookingService\Core\Application\Application.csproj", "{D40514FB-4FFC-46FA-A6F0-A69155E5FDCC}"
EndProject
Global
	GlobalSection(SolutionConfigurationPlatforms) = preSolution
		Debug|Any CPU = Debug|Any CPU
		Release|Any CPU = Release|Any CPU
	EndGlobalSection
	GlobalSection(ProjectConfigurationPlatforms) = postSolution
		{804783EF-F3DB-43FE-BDE0-39147C673786}.Debug|Any CPU.ActiveCfg = Debug|Any CPU
		{804783EF-F3DB-43FE-BDE0-39147C673786}.Debug|Any CPU.Build.0 = Debug|Any CPU
		{804783EF-F3DB-43FE-BDE0-39147C673786}.Release|Any CPU.ActiveCfg = Release|Any CPU
		{804783EF-F3DB-43FE-BDE0-39147C673786}.Release|Any CPU.Build.0 = Release|Any CPU
		{0BE56E57-FDDF-4D12-A481-CB34F69159B0}.Debug|Any CPU.ActiveCfg = Debug|Any CPU
		{0BE56E57-FDDF-4D12-A481-CB34F69159B0}.Debug|Any CPU.Build.0 = Debug|Any CPU
		{0BE56E57-FDDF-4D12-A481-CB34F69159B0}.Release|Any CPU.ActiveCfg = Release|Any CPU
		{0BE56E57-FDDF-4D12-A481-CB34F69159B0}.Release|Any CPU.Build.0 = Release|Any CPU
		{F1AA0241-7015-4DF6-B2F8-F1568C863F29}.Debug|Any CPU.ActiveCfg = Debug|Any CPU
		{F1AA0241-7015-4DF6-B2F8-F1568C863F29}.Debug|Any CPU.Build.0 = Debug|Any CPU
		{F1AA0241-7015-4DF6-B2F8-F1568C863F29}.Release|Any CPU.ActiveCfg = Release|Any CPU
		{F1AA0241-7015-4DF6-B2F8-F1568C863F29}.Release|Any CPU.Build.0 = Release|Any CPU
		{D9D3B6E3-8799-47A2-B04B-CA630450E399}.Debug|Any CPU.ActiveCfg = Debug|Any CPU
		{D9D3B6E3-8799-47A2-B04B-CA630450E399}.Debug|Any CPU.Build.0 = Debug|Any CPU
		{D9D3B6E3-8799-47A2-B04B-CA630450E399}.Release|Any CPU.ActiveCfg = Release|Any CPU
		{D9D3B6E3-8799-47A2-B04B-CA630450E399}.Release|Any CPU.Build.0 = Release|Any CPU
		{D40514FB-4FFC-46FA-A6F0-A69155E5FDCC}.Debug|Any CPU.ActiveCfg = Debug|Any CPU
		{D40514FB-4FFC-46FA-A6F0-A69155E5FDCC}.Debug|Any CPU.Build.0 = Debug|Any CPU
		{D40514FB-4FFC-46FA-A6F0-A69155E5FDCC}.Release|Any CPU.ActiveCfg = Release|Any CPU
		{D40514FB-4FFC-46FA-A6F0-A69155E5FDCC}.Release|Any CPU.Build.0 = Release|Any CPU
	EndGlobalSection
	GlobalSection(SolutionProperties) = preSolution
		HideSolutionNode = FALSE
	EndGlobalSection
	GlobalSection(NestedProjects) = preSolution
		{A4A0B6A7-D568-4770-A3E2-7A67DF3542AC} = {348C223C-9C86-4291-B3E8-AB54F3D23059}
		{8BB7E168-6F1D-4CE8-B147-6F440FF052C0} = {348C223C-9C86-4291-B3E8-AB54F3D23059}
		{A3AE963C-253D-44E0-B2A8-5C734E47A38E} = {348C223C-9C86-4291-B3E8-AB54F3D23059}
		{9D898344-63AE-4C15-9786-0D0F1C81BA3C} = {348C223C-9C86-4291-B3E8-AB54F3D23059}
		{90AFE922-B859-4541-B63C-23C6721BAF3D} = {9D898344-63AE-4C15-9786-0D0F1C81BA3C}
		{804783EF-F3DB-43FE-BDE0-39147C673786} = {90AFE922-B859-4541-B63C-23C6721BAF3D}
		{0BE56E57-FDDF-4D12-A481-CB34F69159B0} = {A3AE963C-253D-44E0-B2A8-5C734E47A38E}
		{F1AA0241-7015-4DF6-B2F8-F1568C863F29} = {8BB7E168-6F1D-4CE8-B147-6F440FF052C0}
		{F032D934-98D7-4A34-9C68-AF702B1F3EDD} = {A4A0B6A7-D568-4770-A3E2-7A67DF3542AC}
		{5A3F21BC-C32B-48F1-975D-9C9E8F581FEB} = {A4A0B6A7-D568-4770-A3E2-7A67DF3542AC}
		{D9D3B6E3-8799-47A2-B04B-CA630450E399} = {5A3F21BC-C32B-48F1-975D-9C9E8F581FEB}
		{D40514FB-4FFC-46FA-A6F0-A69155E5FDCC} = {F032D934-98D7-4A34-9C68-AF702B1F3EDD}
	EndGlobalSection
EndGlobal
