
Microsoft Visual Studio Solution File, Format Version 12.00
# Visual Studio Version 17
VisualStudioVersion = 17.5.002.0
MinimumVisualStudioVersion = 10.0.40219.1
Project("{2150E333-8FDC-42A3-9474-1A3956D46DE8}") = "Core", "Core", "{5D998023-DE4A-476A-A69E-663EEEC4BFFD}"
EndProject
Project("{9A19103F-16F7-4668-BE54-9A1E7A4F7556}") = "Application", "Core\Application\Application.csproj", "{022FB7D1-09B1-461E-A7A0-E25E6655EDE6}"
EndProject
Project("{9A19103F-16F7-4668-BE54-9A1E7A4F7556}") = "Domain", "Core\Domain\Domain.csproj", "{30948B07-EB5E-4508-965E-F901EDA275C6}"
EndProject
Project("{2150E333-8FDC-42A3-9474-1A3956D46DE8}") = "Adapters", "Adapters", "{92CE1BB1-3722-4106-857D-1A4B9FBDBB32}"
EndProject
Project("{9A19103F-16F7-4668-BE54-9A1E7A4F7556}") = "Data", "Adapters\Data\Data.csproj", "{D651F0A1-502D-4197-89AE-8794C264429D}"
EndProject
Project("{2150E333-8FDC-42A3-9474-1A3956D46DE8}") = "Consumers", "Consumers", "{C75B7A24-86C2-490C-A6AA-108F6FD780A9}"
EndProject
Project("{9A19103F-16F7-4668-BE54-9A1E7A4F7556}") = "API", "Consumers\API\API.csproj", "{88F88F80-388D-4E7D-973B-8F65C4B55A2B}"
EndProject
Project("{2150E333-8FDC-42A3-9474-1A3956D46DE8}") = "Tests", "Tests", "{8C9C9F55-3214-45A8-8137-2CEEC7624497}"
EndProject
Project("{2150E333-8FDC-42A3-9474-1A3956D46DE8}") = "Adapters", "Adapters", "{9005F758-7321-47F3-A02C-F811D2FEE45F}"
EndProject
Project("{9A19103F-16F7-4668-BE54-9A1E7A4F7556}") = "AdaptersTest", "Tests\Adapters\AdaptersTest\AdaptersTest.csproj", "{5F4F4855-AF40-46D2-9168-ED32F08808BF}"
EndProject
Project("{2150E333-8FDC-42A3-9474-1A3956D46DE8}") = "Application", "Application", "{72C6429F-7276-46DA-B3C5-FDEF7F7EB110}"
EndProject
Project("{9A19103F-16F7-4668-BE54-9A1E7A4F7556}") = "ApplicationTest", "Tests\Application\ApplicationTest\ApplicationTest.csproj", "{4D7B90C8-1D21-4939-AE30-0A5F6588C4B7}"
EndProject
Project("{2150E333-8FDC-42A3-9474-1A3956D46DE8}") = "Domain", "Domain", "{2795D496-B8B9-427F-9D98-754C284B26A9}"
EndProject
Project("{9A19103F-16F7-4668-BE54-9A1E7A4F7556}") = "DomainTest", "Tests\Domain\DomainTest\DomainTest.csproj", "{1886786C-A2BD-4C47-8910-03A89C04A753}"
EndProject
Global
	GlobalSection(SolutionConfigurationPlatforms) = preSolution
		Debug|Any CPU = Debug|Any CPU
		Release|Any CPU = Release|Any CPU
	EndGlobalSection
	GlobalSection(ProjectConfigurationPlatforms) = postSolution
		{022FB7D1-09B1-461E-A7A0-E25E6655EDE6}.Debug|Any CPU.ActiveCfg = Debug|Any CPU
		{022FB7D1-09B1-461E-A7A0-E25E6655EDE6}.Debug|Any CPU.Build.0 = Debug|Any CPU
		{022FB7D1-09B1-461E-A7A0-E25E6655EDE6}.Release|Any CPU.ActiveCfg = Release|Any CPU
		{022FB7D1-09B1-461E-A7A0-E25E6655EDE6}.Release|Any CPU.Build.0 = Release|Any CPU
		{30948B07-EB5E-4508-965E-F901EDA275C6}.Debug|Any CPU.ActiveCfg = Debug|Any CPU
		{30948B07-EB5E-4508-965E-F901EDA275C6}.Debug|Any CPU.Build.0 = Debug|Any CPU
		{30948B07-EB5E-4508-965E-F901EDA275C6}.Release|Any CPU.ActiveCfg = Release|Any CPU
		{30948B07-EB5E-4508-965E-F901EDA275C6}.Release|Any CPU.Build.0 = Release|Any CPU
		{D651F0A1-502D-4197-89AE-8794C264429D}.Debug|Any CPU.ActiveCfg = Debug|Any CPU
		{D651F0A1-502D-4197-89AE-8794C264429D}.Debug|Any CPU.Build.0 = Debug|Any CPU
		{D651F0A1-502D-4197-89AE-8794C264429D}.Release|Any CPU.ActiveCfg = Release|Any CPU
		{D651F0A1-502D-4197-89AE-8794C264429D}.Release|Any CPU.Build.0 = Release|Any CPU
		{88F88F80-388D-4E7D-973B-8F65C4B55A2B}.Debug|Any CPU.ActiveCfg = Debug|Any CPU
		{88F88F80-388D-4E7D-973B-8F65C4B55A2B}.Debug|Any CPU.Build.0 = Debug|Any CPU
		{88F88F80-388D-4E7D-973B-8F65C4B55A2B}.Release|Any CPU.ActiveCfg = Release|Any CPU
		{88F88F80-388D-4E7D-973B-8F65C4B55A2B}.Release|Any CPU.Build.0 = Release|Any CPU
		{5F4F4855-AF40-46D2-9168-ED32F08808BF}.Debug|Any CPU.ActiveCfg = Debug|Any CPU
		{5F4F4855-AF40-46D2-9168-ED32F08808BF}.Debug|Any CPU.Build.0 = Debug|Any CPU
		{5F4F4855-AF40-46D2-9168-ED32F08808BF}.Release|Any CPU.ActiveCfg = Release|Any CPU
		{5F4F4855-AF40-46D2-9168-ED32F08808BF}.Release|Any CPU.Build.0 = Release|Any CPU
		{4D7B90C8-1D21-4939-AE30-0A5F6588C4B7}.Debug|Any CPU.ActiveCfg = Debug|Any CPU
		{4D7B90C8-1D21-4939-AE30-0A5F6588C4B7}.Debug|Any CPU.Build.0 = Debug|Any CPU
		{4D7B90C8-1D21-4939-AE30-0A5F6588C4B7}.Release|Any CPU.ActiveCfg = Release|Any CPU
		{4D7B90C8-1D21-4939-AE30-0A5F6588C4B7}.Release|Any CPU.Build.0 = Release|Any CPU
		{1886786C-A2BD-4C47-8910-03A89C04A753}.Debug|Any CPU.ActiveCfg = Debug|Any CPU
		{1886786C-A2BD-4C47-8910-03A89C04A753}.Debug|Any CPU.Build.0 = Debug|Any CPU
		{1886786C-A2BD-4C47-8910-03A89C04A753}.Release|Any CPU.ActiveCfg = Release|Any CPU
		{1886786C-A2BD-4C47-8910-03A89C04A753}.Release|Any CPU.Build.0 = Release|Any CPU
	EndGlobalSection
	GlobalSection(SolutionProperties) = preSolution
		HideSolutionNode = FALSE
	EndGlobalSection
	GlobalSection(NestedProjects) = preSolution
		{022FB7D1-09B1-461E-A7A0-E25E6655EDE6} = {5D998023-DE4A-476A-A69E-663EEEC4BFFD}
		{30948B07-EB5E-4508-965E-F901EDA275C6} = {5D998023-DE4A-476A-A69E-663EEEC4BFFD}
		{D651F0A1-502D-4197-89AE-8794C264429D} = {92CE1BB1-3722-4106-857D-1A4B9FBDBB32}
		{88F88F80-388D-4E7D-973B-8F65C4B55A2B} = {C75B7A24-86C2-490C-A6AA-108F6FD780A9}
		{9005F758-7321-47F3-A02C-F811D2FEE45F} = {8C9C9F55-3214-45A8-8137-2CEEC7624497}
		{5F4F4855-AF40-46D2-9168-ED32F08808BF} = {9005F758-7321-47F3-A02C-F811D2FEE45F}
		{72C6429F-7276-46DA-B3C5-FDEF7F7EB110} = {8C9C9F55-3214-45A8-8137-2CEEC7624497}
		{4D7B90C8-1D21-4939-AE30-0A5F6588C4B7} = {72C6429F-7276-46DA-B3C5-FDEF7F7EB110}
		{2795D496-B8B9-427F-9D98-754C284B26A9} = {8C9C9F55-3214-45A8-8137-2CEEC7624497}
		{1886786C-A2BD-4C47-8910-03A89C04A753} = {2795D496-B8B9-427F-9D98-754C284B26A9}
	EndGlobalSection
	GlobalSection(ExtensibilityGlobals) = postSolution
		SolutionGuid = {8C67148D-5330-4596-8F75-E40221F390CC}
	EndGlobalSection
EndGlobal
